
Microsoft Visual Studio Solution File, Format Version 12.00
# Visual Studio Version 18
VisualStudioVersion = 18.2.11408.102
MinimumVisualStudioVersion = 10.0.40219.1
Project("{FAE04EC0-301F-11D3-BF4B-00C04F79EFBC}") = "TheBleedingDeacons.Intergroup.Register", "TheBleedingDeacons.Intergroup.Register\TheBleedingDeacons.Intergroup.Register.csproj", "{970B6FFE-4555-9690-2952-345BD009A0CD}"
EndProject
Project("{FAE04EC0-301F-11D3-BF4B-00C04F79EFBC}") = "Integrity.Client", "..\..\..\Users\David\Local Sites\unity-dev\app\public\wp-content\plugins\integrity\csharp-client\Integrity.Client.csproj", "{666FBFFC-8E8B-7570-9FFA-8B42F99B1767}"
EndProject
Project("{FAE04EC0-301F-11D3-BF4B-00C04F79EFBC}") = "TheBleedingDeacons.Intergroup.Models", "TheBleedingDeacons.Intergroup.Models\TheBleedingDeacons.Intergroup.Models.csproj", "{C5592AB7-88F1-4028-AC48-93E3EF47302F}"
EndProject
Global
	GlobalSection(SolutionConfigurationPlatforms) = preSolution
		Debug|Any CPU = Debug|Any CPU
		Release|Any CPU = Release|Any CPU
	EndGlobalSection
	GlobalSection(ProjectConfigurationPlatforms) = postSolution
		{970B6FFE-4555-9690-2952-345BD009A0CD}.Debug|Any CPU.ActiveCfg = Debug|Any CPU
		{970B6FFE-4555-9690-2952-345BD009A0CD}.Debug|Any CPU.Build.0 = Debug|Any CPU
		{970B6FFE-4555-9690-2952-345BD009A0CD}.Debug|Any CPU.Deploy.0 = Debug|Any CPU
		{970B6FFE-4555-9690-2952-345BD009A0CD}.Release|Any CPU.ActiveCfg = Release|Any CPU
		{970B6FFE-4555-9690-2952-345BD009A0CD}.Release|Any CPU.Build.0 = Release|Any CPU
		{666FBFFC-8E8B-7570-9FFA-8B42F99B1767}.Debug|Any CPU.ActiveCfg = Debug|Any CPU
		{666FBFFC-8E8B-7570-9FFA-8B42F99B1767}.Debug|Any CPU.Build.0 = Debug|Any CPU
		{666FBFFC-8E8B-7570-9FFA-8B42F99B1767}.Release|Any CPU.ActiveCfg = Release|Any CPU
		{666FBFFC-8E8B-7570-9FFA-8B42F99B1767}.Release|Any CPU.Build.0 = Release|Any CPU
		{C5592AB7-88F1-4028-AC48-93E3EF47302F}.Debug|Any CPU.ActiveCfg = Debug|Any CPU
		{C5592AB7-88F1-4028-AC48-93E3EF47302F}.Debug|Any CPU.Build.0 = Debug|Any CPU
		{C5592AB7-88F1-4028-AC48-93E3EF47302F}.Release|Any CPU.ActiveCfg = Release|Any CPU
		{C5592AB7-88F1-4028-AC48-93E3EF47302F}.Release|Any CPU.Build.0 = Release|Any CPU
	EndGlobalSection
	GlobalSection(SolutionProperties) = preSolution
		HideSolutionNode = FALSE
	EndGlobalSection
	GlobalSection(ExtensibilityGlobals) = postSolution
		SolutionGuid = {9A9623DA-473D-4D00-91A2-85D3ED13AECE}
	EndGlobalSection
EndGlobal
